
Microsoft Visual Studio Solution File, Format Version 12.00
# Visual Studio Version 17
VisualStudioVersion = 17.12.35707.178
MinimumVisualStudioVersion = 10.0.40219.1
Project("{FAE04EC0-301F-11D3-BF4B-00C04F79EFBC}") = "ReadData", "ReadData\ReadData.csproj", "{F1E48B6E-6684-4282-A495-99096685F227}"
EndProject
Project("{2150E333-8FDC-42A3-9474-1A3956D46DE8}") = "submodule", "submodule", "{8AA6B75D-F359-40EB-A495-185D501307E5}"
EndProject
Project("{FAE04EC0-301F-11D3-BF4B-00C04F79EFBC}") = "Submodule", "Submodule\Submodule\Submodule\Submodule.csproj", "{B52011B8-DB99-422C-A249-F8336BC706F3}"
EndProject
Global
	GlobalSection(SolutionConfigurationPlatforms) = preSolution
		Debug|Any CPU = Debug|Any CPU
		Release|Any CPU = Release|Any CPU
	EndGlobalSection
	GlobalSection(ProjectConfigurationPlatforms) = postSolution
		{F1E48B6E-6684-4282-A495-99096685F227}.Debug|Any CPU.ActiveCfg = Debug|Any CPU
		{F1E48B6E-6684-4282-A495-99096685F227}.Debug|Any CPU.Build.0 = Debug|Any CPU
		{F1E48B6E-6684-4282-A495-99096685F227}.Release|Any CPU.ActiveCfg = Release|Any CPU
		{F1E48B6E-6684-4282-A495-99096685F227}.Release|Any CPU.Build.0 = Release|Any CPU
		{B52011B8-DB99-422C-A249-F8336BC706F3}.Debug|Any CPU.ActiveCfg = Debug|Any CPU
		{B52011B8-DB99-422C-A249-F8336BC706F3}.Debug|Any CPU.Build.0 = Debug|Any CPU
		{B52011B8-DB99-422C-A249-F8336BC706F3}.Release|Any CPU.ActiveCfg = Release|Any CPU
		{B52011B8-DB99-422C-A249-F8336BC706F3}.Release|Any CPU.Build.0 = Release|Any CPU
	EndGlobalSection
	GlobalSection(SolutionProperties) = preSolution
		HideSolutionNode = FALSE
	EndGlobalSection
	GlobalSection(NestedProjects) = preSolution
		{B52011B8-DB99-422C-A249-F8336BC706F3} = {8AA6B75D-F359-40EB-A495-185D501307E5}
	EndGlobalSection
EndGlobal
